{
    "_meta": {
        "hash": {
            "sha256": "abc123abc123abc123abc123abc123abc123abc123abc123abc123abc123abc1"
        },
        "pipfile-spec": 6,
        "requires": {
            "python_version": "3.12"
        },
        "sources": [
            {
                "name": "pypi",
                "url": "https://pypi.org/simple",
                "verify_ssl": true
            }
        ]
    },
    "default": {
        "requests": {
            "hashes": [
                "sha256:58cd2187c01e70e6e26505bca751777aa9f2ee0b7f4300988b709f44e013003f"
            ],
            "index": "pypi",
            "version": "==2.31.0"
        },
        "boto3": {
            "hashes": [
                "sha256:0bd0c66af9f7a44d63c1c8b1c1c2b6c30ce6ce3a3a2e9b3a5e0b7d3f3d0f1234"
            ],
            "index": "pypi",
            "version": "==1.34.0"
        },
        "urllib3": {
            "hashes": [
                "sha256:34b97092d7e0a3a8cf7cd10e386f401b3737364026c45e622aa02903dffe0f07"
            ],
            "version": "==2.1.0"
        },
        "certifi": {
            "hashes": [
                "sha256:9b469f3a900bf28dc19b8cfbf8019bf47f7fdd1a65a1d4ffb98fc14166beb4d1"
            ],
            "version": "==2023.11.17"
        },
        "charset-normalizer": {
            "hashes": [
                "sha256:1b2919306936ac6efb3aed1fbf81039f7087ddadb3160882a57ee2ff74fd2382"
            ],
            "version": "==3.3.2"
        },
        "idna": {
            "hashes": [
                "sha256:9ecdbbd083b06798ae1e86adcbfe8ab136479aa84c0bcdb19c9c9bfbc7c8c5b6"
            ],
            "version": "==3.6"
        }
    },
    "develop": {}
}
