# This file is generated by running "yarn install" inside your project.
# Manual changes might be lost - proceed with caution!

__metadata:
  version: 6
  cacheKey: 10c0

"axios@npm:1.6.5":
  version: 1.6.5
  resolution: "axios@npm:1.6.5"
  dependencies:
    follow-redirects: "npm:^1.15.4"
    form-data: "npm:^4.0.0"
    proxy-from-env: "npm:^1.1.0"
  checksum: 10c0/2b9c95e9c0a5f1aa3a3edbe9c2e0e0d3fa1f0a8e1f1c1ec4d3a2e0e0e0e0e0e0
  languageName: node
  linkType: hard

"follow-redirects@npm:^1.15.4":
  version: 1.15.5
  resolution: "follow-redirects@npm:1.15.5"
  peerDependenciesMeta:
    debug:
      optional: true
  checksum: 10c0/3aaf5b9e2c5e3a8d5e9e0e0f3e0e0e3f0e0e0e0e0e0e0e0e0e0e0e0e0e0e0e
  languageName: node
  linkType: hard

"form-data@npm:^4.0.0":
  version: 4.0.0
  resolution: "form-data@npm:4.0.0"
  dependencies:
    asynckit: "npm:^0.4.0"
    combined-stream: "npm:^1.0.8"
    mime-types: "npm:^2.1.12"
  checksum: 10c0/4e0e0e0e0e0e0e0e0e0e0e0e0e0e0e0e0e0e0e0e0e0e0e0e0e0e0e0e0e0e0e0e
  languageName: node
  linkType: hard

"lodash@npm:4.17.21":
  version: 4.17.21
  resolution: "lodash@npm:4.17.21"
  checksum: 10c0/d8cbea072bb08655bb4c989da418994b073a608dffa608b09ac04b43a791b12b
  languageName: node
  linkType: hard

"proxy-from-env@npm:^1.1.0":
  version: 1.1.0
  resolution: "proxy-from-env@npm:1.1.0"
  checksum: 10c0/0a1c5e0e0e0e0e0e0e0e0e0e0e0e0e0e0e0e0e0e0e0e0e0e0e0e0e0e0e0e0e0e
  languageName: node
  linkType: hard

"yarn-berry-simple-math@workspace:.":
  version: 0.0.0-use.local
  resolution: "yarn-berry-simple-math@workspace:."
  dependencies:
    axios: "npm:1.6.5"
    lodash: "npm:4.17.21"
  languageName: unknown
  linkType: soft
